
Microsoft Visual Studio Solution File, Format Version 12.00
# Visual Studio Version 17
VisualStudioVersion = 17.11.35312.102
MinimumVisualStudioVersion = 10.0.40219.1
Project("{FAE04EC0-301F-11D3-BF4B-00C04F79EFBC}") = "Task2-2", "Task2-2\Task2-2.csproj", "{A92DFBC1-43DC-497B-85A9-63CC333FC2A2}"
EndProject
Global
	GlobalSection(SolutionConfigurationPlatforms) = preSolution
		Debug|Any CPU = Debug|Any CPU
		Release|Any CPU = Release|Any CPU
	EndGlobalSection
	GlobalSection(ProjectConfigurationPlatforms) = postSolution
		{A92DFBC1-43DC-497B-85A9-63CC333FC2A2}.Debug|Any CPU.ActiveCfg = Debug|Any CPU
		{A92DFBC1-43DC-497B-85A9-63CC333FC2A2}.Debug|Any CPU.Build.0 = Debug|Any CPU
		{A92DFBC1-43DC-497B-85A9-63CC333FC2A2}.Release|Any CPU.ActiveCfg = Release|Any CPU
		{A92DFBC1-43DC-497B-85A9-63CC333FC2A2}.Release|Any CPU.Build.0 = Release|Any CPU
	EndGlobalSection
	GlobalSection(SolutionProperties) = preSolution
		HideSolutionNode = FALSE
	EndGlobalSection
	GlobalSection(ExtensibilityGlobals) = postSolution
		SolutionGuid = {71AEE8D8-CDEC-4B41-97BA-7C45F36E83E2}
	EndGlobalSection
EndGlobal
